
Microsoft Visual Studio Solution File, Format Version 12.00
Project("{FAE04EC0-301F-11D3-BF4B-00C04F79EFBC}") = "SyncBuddyApp", "SyncBuddyApp\SyncBuddyApp.csproj", "{EFBAF1C9-B237-402B-8105-94A530FF6975}"
EndProject
Project("{FAE04EC0-301F-11D3-BF4B-00C04F79EFBC}") = "SyncBuddyLib", "SyncBuddyLib\SyncBuddyLib.csproj", "{60627F0D-037D-41B8-8978-FB87B824D54A}"
EndProject
Project("{FAE04EC0-301F-11D3-BF4B-00C04F79EFBC}") = "SyncBuddyCli", "SyncBuddyCli\SyncBuddyCli.csproj", "{885FAF88-8826-4C46-A759-D1A8F44C9ED8}"
EndProject
Global
	GlobalSection(SolutionConfigurationPlatforms) = preSolution
		Debug|Any CPU = Debug|Any CPU
		Release|Any CPU = Release|Any CPU
	EndGlobalSection
	GlobalSection(ProjectConfigurationPlatforms) = postSolution
		{EFBAF1C9-B237-402B-8105-94A530FF6975}.Debug|Any CPU.ActiveCfg = Debug|Any CPU
		{EFBAF1C9-B237-402B-8105-94A530FF6975}.Debug|Any CPU.Build.0 = Debug|Any CPU
		{EFBAF1C9-B237-402B-8105-94A530FF6975}.Release|Any CPU.ActiveCfg = Release|Any CPU
		{EFBAF1C9-B237-402B-8105-94A530FF6975}.Release|Any CPU.Build.0 = Release|Any CPU
		{60627F0D-037D-41B8-8978-FB87B824D54A}.Debug|Any CPU.ActiveCfg = Debug|Any CPU
		{60627F0D-037D-41B8-8978-FB87B824D54A}.Debug|Any CPU.Build.0 = Debug|Any CPU
		{60627F0D-037D-41B8-8978-FB87B824D54A}.Release|Any CPU.ActiveCfg = Release|Any CPU
		{60627F0D-037D-41B8-8978-FB87B824D54A}.Release|Any CPU.Build.0 = Release|Any CPU
		{885FAF88-8826-4C46-A759-D1A8F44C9ED8}.Debug|Any CPU.ActiveCfg = Debug|Any CPU
		{885FAF88-8826-4C46-A759-D1A8F44C9ED8}.Debug|Any CPU.Build.0 = Debug|Any CPU
		{885FAF88-8826-4C46-A759-D1A8F44C9ED8}.Release|Any CPU.ActiveCfg = Release|Any CPU
		{885FAF88-8826-4C46-A759-D1A8F44C9ED8}.Release|Any CPU.Build.0 = Release|Any CPU
	EndGlobalSection
EndGlobal
